# This file is automatically @generated by Cargo.
# It is not intended for manual editing.
version = 4

[[package]]
name = "styx-cli"
version = "0.1.0"

[[package]]
name = "styx-core"
version = "0.1.0"

[[package]]
name = "styx-dht"
version = "0.1.0"

[[package]]
name = "styx-disk"
version = "0.1.0"

[[package]]
name = "styx-gui"
version = "0.1.0"

[[package]]
name = "styx-ml"
version = "0.1.0"

[[package]]
name = "styx-proto"
version = "0.1.0"

[[package]]
name = "styx-tracker"
version = "0.1.0"

[[package]]
name = "styx-utp"
version = "0.1.0"

[[package]]
name = "swarm-sim"
version = "0.1.0"
